dependencies:
  espressif/cjson:
    component_hash: 002c6d1872ee4c97d333938ebe107a29841cc847f9de89e676714bd2844057ea
    dependencies:
    - name: idf
      require: private
      version: '>=5.0'
    source:
      registry_url: https://components.espressif.com/
      type: service
    version: 1.7.19~1
  idf:
    source:
      type: idf
    version: 5.5.4
direct_dependencies:
- espressif/cjson
manifest_hash: ef92827875569069317605c368e554bc4f9d132b7cd1648dd56dd0a129f8c4eb
target: esp32s3
version: 2.0.0
